
Microsoft Visual Studio Solution File, Format Version 12.00
# Visual Studio Version 17
VisualStudioVersion = 17.0.31903.59
MinimumVisualStudioVersion = 10.0.40219.1
Project("{2150E333-8FDC-42A3-9474-1A3956D46DE8}") = "src", "src", "{827E0CD3-B72D-47B6-A68D-7590B98EB39B}"
EndProject
Project("{FAE04EC0-301F-11D3-BF4B-00C04F79EFBC}") = "ByTech.EmbeddedCommitLog", "src\ByTech.EmbeddedCommitLog\ByTech.EmbeddedCommitLog.csproj", "{BE061EB7-BE29-4CAB-A33C-AF2894263814}"
EndProject
Project("{2150E333-8FDC-42A3-9474-1A3956D46DE8}") = "tests", "tests", "{0AB3BF05-4346-4AA6-1389-037BE0695223}"
EndProject
Project("{FAE04EC0-301F-11D3-BF4B-00C04F79EFBC}") = "ByTech.EmbeddedCommitLog.Tests", "tests\ByTech.EmbeddedCommitLog.Tests\ByTech.EmbeddedCommitLog.Tests.csproj", "{46E46153-D5EF-421B-A456-3A15CF4AB731}"
EndProject
Project("{FAE04EC0-301F-11D3-BF4B-00C04F79EFBC}") = "ByTech.EmbeddedCommitLog.TestUtilities", "tests\ByTech.EmbeddedCommitLog.TestUtilities\ByTech.EmbeddedCommitLog.TestUtilities.csproj", "{0656402B-E09D-4731-8FC2-A0421C46AD99}"
EndProject
Project("{2150E333-8FDC-42A3-9474-1A3956D46DE8}") = "benchmarks", "benchmarks", "{66320409-64EC-F7C5-3DEF-65E7510DAAD1}"
EndProject
Project("{FAE04EC0-301F-11D3-BF4B-00C04F79EFBC}") = "ByTech.EmbeddedCommitLog.Benchmarks", "benchmarks\ByTech.EmbeddedCommitLog.Benchmarks\ByTech.EmbeddedCommitLog.Benchmarks.csproj", "{4F7F9BDD-4446-4AB9-994F-A7E886DA055C}"
EndProject
Project("{2150E333-8FDC-42A3-9474-1A3956D46DE8}") = "samples", "samples", "{C1D2E3F4-A5B6-4789-CDE0-F1A2B3C4D5E6}"
EndProject
Project("{FAE04EC0-301F-11D3-BF4B-00C04F79EFBC}") = "ByTech.EmbeddedCommitLog.LedgerSample", "samples\ByTech.EmbeddedCommitLog.LedgerSample\ByTech.EmbeddedCommitLog.LedgerSample.csproj", "{D2E3F4A5-B6C7-4890-DEF1-A2B3C4D5E6F7}"
EndProject
Global
	GlobalSection(SolutionConfigurationPlatforms) = preSolution
		Debug|Any CPU = Debug|Any CPU
		Debug|x64 = Debug|x64
		Debug|x86 = Debug|x86
		Release|Any CPU = Release|Any CPU
		Release|x64 = Release|x64
		Release|x86 = Release|x86
	EndGlobalSection
	GlobalSection(ProjectConfigurationPlatforms) = postSolution
		{BE061EB7-BE29-4CAB-A33C-AF2894263814}.Debug|Any CPU.ActiveCfg = Debug|Any CPU
		{BE061EB7-BE29-4CAB-A33C-AF2894263814}.Debug|Any CPU.Build.0 = Debug|Any CPU
		{BE061EB7-BE29-4CAB-A33C-AF2894263814}.Debug|x64.ActiveCfg = Debug|Any CPU
		{BE061EB7-BE29-4CAB-A33C-AF2894263814}.Debug|x64.Build.0 = Debug|Any CPU
		{BE061EB7-BE29-4CAB-A33C-AF2894263814}.Debug|x86.ActiveCfg = Debug|Any CPU
		{BE061EB7-BE29-4CAB-A33C-AF2894263814}.Debug|x86.Build.0 = Debug|Any CPU
		{BE061EB7-BE29-4CAB-A33C-AF2894263814}.Release|Any CPU.ActiveCfg = Release|Any CPU
		{BE061EB7-BE29-4CAB-A33C-AF2894263814}.Release|Any CPU.Build.0 = Release|Any CPU
		{BE061EB7-BE29-4CAB-A33C-AF2894263814}.Release|x64.ActiveCfg = Release|Any CPU
		{BE061EB7-BE29-4CAB-A33C-AF2894263814}.Release|x64.Build.0 = Release|Any CPU
		{BE061EB7-BE29-4CAB-A33C-AF2894263814}.Release|x86.ActiveCfg = Release|Any CPU
		{BE061EB7-BE29-4CAB-A33C-AF2894263814}.Release|x86.Build.0 = Release|Any CPU
		{46E46153-D5EF-421B-A456-3A15CF4AB731}.Debug|Any CPU.ActiveCfg = Debug|Any CPU
		{46E46153-D5EF-421B-A456-3A15CF4AB731}.Debug|Any CPU.Build.0 = Debug|Any CPU
		{46E46153-D5EF-421B-A456-3A15CF4AB731}.Debug|x64.ActiveCfg = Debug|Any CPU
		{46E46153-D5EF-421B-A456-3A15CF4AB731}.Debug|x64.Build.0 = Debug|Any CPU
		{46E46153-D5EF-421B-A456-3A15CF4AB731}.Debug|x86.ActiveCfg = Debug|Any CPU
		{46E46153-D5EF-421B-A456-3A15CF4AB731}.Debug|x86.Build.0 = Debug|Any CPU
		{46E46153-D5EF-421B-A456-3A15CF4AB731}.Release|Any CPU.ActiveCfg = Release|Any CPU
		{46E46153-D5EF-421B-A456-3A15CF4AB731}.Release|Any CPU.Build.0 = Release|Any CPU
		{46E46153-D5EF-421B-A456-3A15CF4AB731}.Release|x64.ActiveCfg = Release|Any CPU
		{46E46153-D5EF-421B-A456-3A15CF4AB731}.Release|x64.Build.0 = Release|Any CPU
		{46E46153-D5EF-421B-A456-3A15CF4AB731}.Release|x86.ActiveCfg = Release|Any CPU
		{46E46153-D5EF-421B-A456-3A15CF4AB731}.Release|x86.Build.0 = Release|Any CPU
		{0656402B-E09D-4731-8FC2-A0421C46AD99}.Debug|Any CPU.ActiveCfg = Debug|Any CPU
		{0656402B-E09D-4731-8FC2-A0421C46AD99}.Debug|Any CPU.Build.0 = Debug|Any CPU
		{0656402B-E09D-4731-8FC2-A0421C46AD99}.Debug|x64.ActiveCfg = Debug|Any CPU
		{0656402B-E09D-4731-8FC2-A0421C46AD99}.Debug|x64.Build.0 = Debug|Any CPU
		{0656402B-E09D-4731-8FC2-A0421C46AD99}.Debug|x86.ActiveCfg = Debug|Any CPU
		{0656402B-E09D-4731-8FC2-A0421C46AD99}.Debug|x86.Build.0 = Debug|Any CPU
		{0656402B-E09D-4731-8FC2-A0421C46AD99}.Release|Any CPU.ActiveCfg = Release|Any CPU
		{0656402B-E09D-4731-8FC2-A0421C46AD99}.Release|Any CPU.Build.0 = Release|Any CPU
		{0656402B-E09D-4731-8FC2-A0421C46AD99}.Release|x64.ActiveCfg = Release|Any CPU
		{0656402B-E09D-4731-8FC2-A0421C46AD99}.Release|x64.Build.0 = Release|Any CPU
		{0656402B-E09D-4731-8FC2-A0421C46AD99}.Release|x86.ActiveCfg = Release|Any CPU
		{0656402B-E09D-4731-8FC2-A0421C46AD99}.Release|x86.Build.0 = Release|Any CPU
		{4F7F9BDD-4446-4AB9-994F-A7E886DA055C}.Debug|Any CPU.ActiveCfg = Debug|Any CPU
		{4F7F9BDD-4446-4AB9-994F-A7E886DA055C}.Debug|Any CPU.Build.0 = Debug|Any CPU
		{4F7F9BDD-4446-4AB9-994F-A7E886DA055C}.Debug|x64.ActiveCfg = Debug|Any CPU
		{4F7F9BDD-4446-4AB9-994F-A7E886DA055C}.Debug|x64.Build.0 = Debug|Any CPU
		{4F7F9BDD-4446-4AB9-994F-A7E886DA055C}.Debug|x86.ActiveCfg = Debug|Any CPU
		{4F7F9BDD-4446-4AB9-994F-A7E886DA055C}.Debug|x86.Build.0 = Debug|Any CPU
		{4F7F9BDD-4446-4AB9-994F-A7E886DA055C}.Release|Any CPU.ActiveCfg = Release|Any CPU
		{4F7F9BDD-4446-4AB9-994F-A7E886DA055C}.Release|Any CPU.Build.0 = Release|Any CPU
		{4F7F9BDD-4446-4AB9-994F-A7E886DA055C}.Release|x64.ActiveCfg = Release|Any CPU
		{4F7F9BDD-4446-4AB9-994F-A7E886DA055C}.Release|x64.Build.0 = Release|Any CPU
		{4F7F9BDD-4446-4AB9-994F-A7E886DA055C}.Release|x86.ActiveCfg = Release|Any CPU
		{4F7F9BDD-4446-4AB9-994F-A7E886DA055C}.Release|x86.Build.0 = Release|Any CPU
		{D2E3F4A5-B6C7-4890-DEF1-A2B3C4D5E6F7}.Debug|Any CPU.ActiveCfg = Debug|Any CPU
		{D2E3F4A5-B6C7-4890-DEF1-A2B3C4D5E6F7}.Debug|Any CPU.Build.0 = Debug|Any CPU
		{D2E3F4A5-B6C7-4890-DEF1-A2B3C4D5E6F7}.Debug|x64.ActiveCfg = Debug|Any CPU
		{D2E3F4A5-B6C7-4890-DEF1-A2B3C4D5E6F7}.Debug|x64.Build.0 = Debug|Any CPU
		{D2E3F4A5-B6C7-4890-DEF1-A2B3C4D5E6F7}.Debug|x86.ActiveCfg = Debug|Any CPU
		{D2E3F4A5-B6C7-4890-DEF1-A2B3C4D5E6F7}.Debug|x86.Build.0 = Debug|Any CPU
		{D2E3F4A5-B6C7-4890-DEF1-A2B3C4D5E6F7}.Release|Any CPU.ActiveCfg = Release|Any CPU
		{D2E3F4A5-B6C7-4890-DEF1-A2B3C4D5E6F7}.Release|Any CPU.Build.0 = Release|Any CPU
		{D2E3F4A5-B6C7-4890-DEF1-A2B3C4D5E6F7}.Release|x64.ActiveCfg = Release|Any CPU
		{D2E3F4A5-B6C7-4890-DEF1-A2B3C4D5E6F7}.Release|x64.Build.0 = Release|Any CPU
		{D2E3F4A5-B6C7-4890-DEF1-A2B3C4D5E6F7}.Release|x86.ActiveCfg = Release|Any CPU
		{D2E3F4A5-B6C7-4890-DEF1-A2B3C4D5E6F7}.Release|x86.Build.0 = Release|Any CPU
	EndGlobalSection
	GlobalSection(SolutionProperties) = preSolution
		HideSolutionNode = FALSE
	EndGlobalSection
	GlobalSection(NestedProjects) = preSolution
		{BE061EB7-BE29-4CAB-A33C-AF2894263814} = {827E0CD3-B72D-47B6-A68D-7590B98EB39B}
		{46E46153-D5EF-421B-A456-3A15CF4AB731} = {0AB3BF05-4346-4AA6-1389-037BE0695223}
		{0656402B-E09D-4731-8FC2-A0421C46AD99} = {0AB3BF05-4346-4AA6-1389-037BE0695223}
		{4F7F9BDD-4446-4AB9-994F-A7E886DA055C} = {66320409-64EC-F7C5-3DEF-65E7510DAAD1}
		{D2E3F4A5-B6C7-4890-DEF1-A2B3C4D5E6F7} = {C1D2E3F4-A5B6-4789-CDE0-F1A2B3C4D5E6}
	EndGlobalSection
EndGlobal
